# This file was autogenerated by Stack.
# You should not edit this file by hand.
# For more information, please see the documentation at:
#   https://docs.haskellstack.org/en/stable/lock_files

packages:
- completed:
    hackage: vector-sized-1.5.0@sha256:6b827805784b52ee9845ab5c930f627e6e27b6dea2354f6fc46295e63ccdb2ed,1758
    pantry-tree:
      size: 1302
      sha256: c4010995ed0fbe9094142af691198f5b28a98b1ae0f7938b0d8a6e3fcf9769f1
  original:
    hackage: vector-sized-1.5.0@sha256:6b827805784b52ee9845ab5c930f627e6e27b6dea2354f6fc46295e63ccdb2ed,1758
snapshots:
- completed:
    size: 586110
    url: https://raw.githubusercontent.com/commercialhaskell/stackage-snapshots/master/lts/18/21.yaml
    sha256: ce4fb8d44f3c6c6032060a02e0ebb1bd29937c9a70101c1517b92a87d9515160
  original: lts-18.21
